
Microsoft Visual Studio Solution File, Format Version 12.00
# Visual Studio Version 16
VisualStudioVersion = 16.0.29609.76
MinimumVisualStudioVersion = 10.0.40219.1
Project("{FAE04EC0-301F-11D3-BF4B-00C04F79EFBC}") = "ExperimentCsharpCode", "ExperimentCsharpCode.csproj", "{F598FBB7-A0AA-4EEC-864A-8C5A3556527B}"
EndProject
Global
	GlobalSection(SolutionConfigurationPlatforms) = preSolution
		Debug|Any CPU = Debug|Any CPU
		Release|Any CPU = Release|Any CPU
	EndGlobalSection
	GlobalSection(ProjectConfigurationPlatforms) = postSolution
		{F598FBB7-A0AA-4EEC-864A-8C5A3556527B}.Debug|Any CPU.ActiveCfg = Debug|Any CPU
		{F598FBB7-A0AA-4EEC-864A-8C5A3556527B}.Debug|Any CPU.Build.0 = Debug|Any CPU
		{F598FBB7-A0AA-4EEC-864A-8C5A3556527B}.Release|Any CPU.ActiveCfg = Release|Any CPU
		{F598FBB7-A0AA-4EEC-864A-8C5A3556527B}.Release|Any CPU.Build.0 = Release|Any CPU
	EndGlobalSection
	GlobalSection(SolutionProperties) = preSolution
		HideSolutionNode = FALSE
	EndGlobalSection
	GlobalSection(ExtensibilityGlobals) = postSolution
		SolutionGuid = {BC162FFF-6798-48E2-A633-46FC78628E3C}
	EndGlobalSection
EndGlobal
